// !$*UTF8*$!
{
	archiveVersion = 1;
	classes = {
	};
	objectVersion = 46;
	objects = {

/* Begin PBXBuildFile section */
		6C562F671C022CA6008D95AA /* AppDelegate.swift in Sources */ = {isa = PBXBuildFile; fileRef = 6C562F661C022CA6008D95AA /* AppDelegate.swift */; };
		6C562F691C022CA6008D95AA /* ViewController.swift in Sources */ = {isa = PBXBuildFile; fileRef = 6C562F681C022CA6008D95AA /* ViewController.swift */; };
		6C562F6C1C022CA6008D95AA /* Main.storyboard in Resources */ = {isa = PBXBuildFile; fileRef = 6C562F6A1C022CA6008D95AA /* Main.storyboard */; };
		6C562F6F1C022CA6008D95AA /* YumYum.xcdatamodeld in Sources */ = {isa = PBXBuildFile; fileRef = 6C562F6D1C022CA6008D95AA /* YumYum.xcdatamodeld */; };
		6C562F711C022CA6008D95AA /* Assets.xcassets in Resources */ = {isa = PBXBuildFile; fileRef = 6C562F701C022CA6008D95AA /* Assets.xcassets */; };
		6C562F741C022CA6008D95AA /* LaunchScreen.storyboard in Resources */ = {isa = PBXBuildFile; fileRef = 6C562F721C022CA6008D95AA /* LaunchScreen.storyboard */; };
		6CEF185C1C04F5C800E63311 /* Recipe+CoreDataProperties.swift in Sources */ = {isa = PBXBuildFile; fileRef = 6CEF185A1C04F5C800E63311 /* Recipe+CoreDataProperties.swift */; };
		6CEF185D1C04F5C800E63311 /* Recipe.swift in Sources */ = {isa = PBXBuildFile; fileRef = 6CEF185B1C04F5C800E63311 /* Recipe.swift */; };
		6CEF18611C04F7B700E63311 /* RecipeCell.swift in Sources */ = {isa = PBXBuildFile; fileRef = 6CEF18601C04F7B700E63311 /* RecipeCell.swift */; };
/* End PBXBuildFile section */

/* Begin PBXFileReference section */
		6C562F631C022CA6008D95AA /* YumYum.app */ = {isa = PBXFileReference; explicitFileType = wrapper.application; includeInIndex = 0; path = YumYum.app; sourceTree = BUILT_PRODUCTS_DIR; };
		6C562F661C022CA6008D95AA /* AppDelegate.swift */ = {isa = PBXFileReference; lastKnownFileType = sourcecode.swift; path = AppDelegate.swift; sourceTree = "<group>"; };
		6C562F681C022CA6008D95AA /* ViewController.swift */ = {isa = PBXFileReference; lastKnownFileType = sourcecode.swift; path = ViewController.swift; sourceTree = "<group>"; };
		6C562F6B1C022CA6008D95AA /* Base */ = {isa = PBXFileReference; lastKnownFileType = file.storyboard; name = Base; path = Base.lproj/Main.storyboard; sourceTree = "<group>"; };
		6C562F6E1C022CA6008D95AA /* YumYum.xcdatamodel */ = {isa = PBXFileReference; lastKnownFileType = wrapper.xcdatamodel; path = YumYum.xcdatamodel; sourceTree = "<group>"; };
		6C562F701C022CA6008D95AA /* Assets.xcassets */ = {isa = PBXFileReference; lastKnownFileType = folder.assetcatalog; path = Assets.xcassets; sourceTree = "<group>"; };
		6C562F731C022CA6008D95AA /* Base */ = {isa = PBXFileReference; lastKnownFileType = file.storyboard; name = Base; path = Base.lproj/LaunchScreen.storyboard; sourceTree = "<group>"; };
		6C562F751C022CA6008D95AA /* Info.plist */ = {isa = PBXFileReference; lastKnownFileType = text.plist.xml; path = Info.plist; sourceTree = "<group>"; };
		6CEF185A1C04F5C800E63311 /* Recipe+CoreDataProperties.swift */ = {isa = PBXFileReference; fileEncoding = 4; lastKnownFileType = sourcecode.swift; path = "Recipe+CoreDataProperties.swift"; sourceTree = "<group>"; };
		6CEF185B1C04F5C800E63311 /* Recipe.swift */ = {isa = PBXFileReference; fileEncoding = 4; lastKnownFileType = sourcecode.swift; path = Recipe.swift; sourceTree = "<group>"; };
		6CEF18601C04F7B700E63311 /* RecipeCell.swift */ = {isa = PBXFileReference; fileEncoding = 4; lastKnownFileType = sourcecode.swift; path = RecipeCell.swift; sourceTree = "<group>"; };
/* End PBXFileReference section */

/* Begin PBXFrameworksBuildPhase section */
		6C562F601C022CA6008D95AA /* Frameworks */ = {
			isa = PBXFrameworksBuildPhase;
			buildActionMask = 2147483647;
			files = (
			);
			runOnlyForDeploymentPostprocessing = 0;
		};
/* End PBXFrameworksBuildPhase section */

/* Begin PBXGroup section */
		6C562F5A1C022CA6008D95AA = {
			isa = PBXGroup;
			children = (
				6C562F651C022CA6008D95AA /* YumYum */,
				6C562F641C022CA6008D95AA /* Products */,
			);
			sourceTree = "<group>";
		};
		6C562F641C022CA6008D95AA /* Products */ = {
			isa = PBXGroup;
			children = (
				6C562F631C022CA6008D95AA /* YumYum.app */,
			);
			name = Products;
			sourceTree = "<group>";
		};
		6C562F651C022CA6008D95AA /* YumYum */ = {
			isa = PBXGroup;
			children = (
				6CEF18591C04F54C00E63311 /* Controller */,
				6CEF18581C04F54600E63311 /* View */,
				6CEF18571C04F54100E63311 /* Model */,
				6C562F661C022CA6008D95AA /* AppDelegate.swift */,
				6C562F6A1C022CA6008D95AA /* Main.storyboard */,
				6C562F701C022CA6008D95AA /* Assets.xcassets */,
				6C562F721C022CA6008D95AA /* LaunchScreen.storyboard */,
				6C562F751C022CA6008D95AA /* Info.plist */,
				6C562F6D1C022CA6008D95AA /* YumYum.xcdatamodeld */,
			);
			path = YumYum;
			sourceTree = "<group>";
		};
		6CEF18571C04F54100E63311 /* Model */ = {
			isa = PBXGroup;
			children = (
				6CEF185A1C04F5C800E63311 /* Recipe+CoreDataProperties.swift */,
				6CEF185B1C04F5C800E63311 /* Recipe.swift */,
			);
			name = Model;
			sourceTree = "<group>";
		};
		6CEF18581C04F54600E63311 /* View */ = {
			isa = PBXGroup;
			children = (
				6CEF18601C04F7B700E63311 /* RecipeCell.swift */,
			);
			name = View;
			sourceTree = "<group>";
		};
		6CEF18591C04F54C00E63311 /* Controller */ = {
			isa = PBXGroup;
			children = (
				6C562F681C022CA6008D95AA /* ViewController.swift */,
			);
			name = Controller;
			sourceTree = "<group>";
		};
/* End PBXGroup section */

/* Begin PBXNativeTarget section */
		6C562F621C022CA6008D95AA /* YumYum */ = {
			isa = PBXNativeTarget;
			buildConfigurationList = 6C562F781C022CA6008D95AA /* Build configuration list for PBXNativeTarget "YumYum" */;
			buildPhases = (
				6C562F5F1C022CA6008D95AA /* Sources */,
				6C562F601C022CA6008D95AA /* Frameworks */,
				6C562F611C022CA6008D95AA /* Resources */,
			);
			buildRules = (
			);
			dependencies = (
			);
			name = YumYum;
			productName = YumYum;
			productReference = 6C562F631C022CA6008D95AA /* YumYum.app */;
			productType = "com.apple.product-type.application";
		};
/* End PBXNativeTarget section */

/* Begin PBXProject section */
		6C562F5B1C022CA6008D95AA /* Project object */ = {
			isa = PBXProject;
			attributes = {
				LastSwiftUpdateCheck = 0710;
				LastUpgradeCheck = 0710;
				ORGANIZATIONNAME = "Dulio Denis";
				TargetAttributes = {
					6C562F621C022CA6008D95AA = {
						CreatedOnToolsVersion = 7.1;
					};
				};
			};
			buildConfigurationList = 6C562F5E1C022CA6008D95AA /* Build configuration list for PBXProject "YumYum" */;
			compatibilityVersion = "Xcode 3.2";
			developmentRegion = English;
			hasScannedForEncodings = 0;
			knownRegions = (
				en,
				Base,
			);
			mainGroup = 6C562F5A1C022CA6008D95AA;
			productRefGroup = 6C562F641C022CA6008D95AA /* Products */;
			projectDirPath = "";
			projectRoot = "";
			targets = (
				6C562F621C022CA6008D95AA /* YumYum */,
			);
		};
/* End PBXProject section */

/* Begin PBXResourcesBuildPhase section */
		6C562F611C022CA6008D95AA /* Resources */ = {
			isa = PBXResourcesBuildPhase;
			buildActionMask = 2147483647;
			files = (
				6C562F741C022CA6008D95AA /* LaunchScreen.storyboard in Resources */,
				6C562F711C022CA6008D95AA /* Assets.xcassets in Resources */,
				6C562F6C1C022CA6008D95AA /* Main.storyboard in Resources */,
			);
			runOnlyForDeploymentPostprocessing = 0;
		};
/* End PBXResourcesBuildPhase section */

/* Begin PBXSourcesBuildPhase section */
		6C562F5F1C022CA6008D95AA /* Sources */ = {
			isa = PBXSourcesBuildPhase;
			buildActionMask = 2147483647;
			files = (
				6C562F691C022CA6008D95AA /* ViewController.swift in Sources */,
				6CEF185C1C04F5C800E63311 /* Recipe+CoreDataProperties.swift in Sources */,
				6C562F6F1C022CA6008D95AA /* YumYum.xcdatamodeld in Sources */,
				6CEF18611C04F7B700E63311 /* RecipeCell.swift in Sources */,
				6C562F671C022CA6008D95AA /* AppDelegate.swift in Sources */,
				6CEF185D1C04F5C800E63311 /* Recipe.swift in Sources */,
			);
			runOnlyForDeploymentPostprocessing = 0;
		};
/* End PBXSourcesBuildPhase section */

/* Begin PBXVariantGroup section */
		6C562F6A1C022CA6008D95AA /* Main.storyboard */ = {
			isa = PBXVariantGroup;
			children = (
				6C562F6B1C022CA6008D95AA /* Base */,
			);
			name = Main.storyboard;
			sourceTree = "<group>";
		};
		6C562F721C022CA6008D95AA /* LaunchScreen.storyboard */ = {
			isa = PBXVariantGroup;
			children = (
				6C562F731C022CA6008D95AA /* Base */,
			);
			name = LaunchScreen.storyboard;
			sourceTree = "<group>";
		};
/* End PBXVariantGroup section */

/* Begin XCBuildConfiguration section */
		6C562F761C022CA6008D95AA /* Debug */ = {
			isa = XCBuildConfiguration;
			buildSettings = {
				ALWAYS_SEARCH_USER_PATHS = NO;
				CLANG_CXX_LANGUAGE_STANDARD = "gnu++0x";
				CLANG_CXX_LIBRARY = "libc++";
				CLANG_ENABLE_MODULES = YES;
				CLANG_ENABLE_OBJC_ARC = YES;
				CLANG_WARN_BOOL_CONVERSION = YES;
				CLANG_WARN_CONSTANT_CONVERSION = YES;
				CLANG_WARN_DIRECT_OBJC_ISA_USAGE = YES_ERROR;
				CLANG_WARN_EMPTY_BODY = YES;
				CLANG_WARN_ENUM_CONVERSION = YES;
				CLANG_WARN_INT_CONVERSION = YES;
				CLANG_WARN_OBJC_ROOT_CLASS = YES_ERROR;
				CLANG_WARN_UNREACHABLE_CODE = YES;
				CLANG_WARN__DUPLICATE_METHOD_MATCH = YES;
				"CODE_SIGN_IDENTITY[sdk=iphoneos*]" = "iPhone Developer";
				COPY_PHASE_STRIP = NO;
				DEBUG_INFORMATION_FORMAT = dwarf;
				ENABLE_STRICT_OBJC_MSGSEND = YES;
				ENABLE_TESTABILITY = YES;
				GCC_C_LANGUAGE_STANDARD = gnu99;
				GCC_DYNAMIC_NO_PIC = NO;
				GCC_NO_COMMON_BLOCKS = YES;
				GCC_OPTIMIZATION_LEVEL = 0;
				GCC_PREPROCESSOR_DEFINITIONS = (
					"DEBUG=1",
					"$(inherited)",
				);
				GCC_WARN_64_TO_32_BIT_CONVERSION = YES;
				GCC_WARN_ABOUT_RETURN_TYPE = YES_ERROR;
				GCC_WARN_UNDECLARED_SELECTOR = YES;
				GCC_WARN_UNINITIALIZED_AUTOS = YES_AGGRESSIVE;
				GCC_WARN_UNUSED_FUNCTION = YES;
				GCC_WARN_UNUSED_VARIABLE = YES;
				IPHONEOS_DEPLOYMENT_TARGET = 9.1;
				MTL_ENABLE_DEBUG_INFO = YES;
				ONLY_ACTIVE_ARCH = YES;
				SDKROOT = iphoneos;
				SWIFT_OPTIMIZATION_LEVEL = "-Onone";
				TARGETED_DEVICE_FAMILY = "1,2";
			};
			name = Debug;
		};
		6C562F771C022CA6008D95AA /* Release */ = {
			isa = XCBuildConfiguration;
			buildSettings = {
				ALWAYS_SEARCH_USER_PATHS = NO;
				CLANG_CXX_LANGUAGE_STANDARD = "gnu++0x";
				CLANG_CXX_LIBRARY = "libc++";
				CLANG_ENABLE_MODULES = YES;
				CLANG_ENABLE_OBJC_ARC = YES;
				CLANG_WARN_BOOL_CONVERSION = YES;
				CLANG_WARN_CONSTANT_CONVERSION = YES;
				CLANG_WARN_DIRECT_OBJC_ISA_USAGE = YES_ERROR;
				CLANG_WARN_EMPTY_BODY = YES;
				CLANG_WARN_ENUM_CONVERSION = YES;
				CLANG_WARN_INT_CONVERSION = YES;
				CLANG_WARN_OBJC_ROOT_CLASS = YES_ERROR;
				CLANG_WARN_UNREACHABLE_CODE = YES;
				CLANG_WARN__DUPLICATE_METHOD_MATCH = YES;
				"CODE_SIGN_IDENTITY[sdk=iphoneos*]" = "iPhone Developer";
				COPY_PHASE_STRIP = NO;
				DEBUG_INFORMATION_FORMAT = "dwarf-with-dsym";
				ENABLE_NS_ASSERTIONS = NO;
				ENABLE_STRICT_OBJC_MSGSEND = YES;
				GCC_C_LANGUAGE_STANDARD = gnu99;
				GCC_NO_COMMON_BLOCKS = YES;
				GCC_WARN_64_TO_32_BIT_CONVERSION = YES;
				GCC_WARN_ABOUT_RETURN_TYPE = YES_ERROR;
				GCC_WARN_UNDECLARED_SELECTOR = YES;
				GCC_WARN_UNINITIALIZED_AUTOS = YES_AGGRESSIVE;
				GCC_WARN_UNUSED_FUNCTION = YES;
				GCC_WARN_UNUSED_VARIABLE = YES;
				IPHONEOS_DEPLOYMENT_TARGET = 9.1;
				MTL_ENABLE_DEBUG_INFO = NO;
				SDKROOT = iphoneos;
				TARGETED_DEVICE_FAMILY = "1,2";
				VALIDATE_PRODUCT = YES;
			};
			name = Release;
		};
		6C562F791C022CA6008D95AA /* Debug */ = {
			isa = XCBuildConfiguration;
			buildSettings = {
				ASSETCATALOG_COMPILER_APPICON_NAME = AppIcon;
				INFOPLIST_FILE = YumYum/Info.plist;
				LD_RUNPATH_SEARCH_PATHS = "$(inherited) @executable_path/Frameworks";
				PRODUCT_BUNDLE_IDENTIFIER = co.ddapps.YumYum;
				PRODUCT_NAME = "$(TARGET_NAME)";
			};
			name = Debug;
		};
		6C562F7A1C022CA6008D95AA /* Release */ = {
			isa = XCBuildConfiguration;
			buildSettings = {
				ASSETCATALOG_COMPILER_APPICON_NAME = AppIcon;
				INFOPLIST_FILE = YumYum/Info.plist;
				LD_RUNPATH_SEARCH_PATHS = "$(inherited) @executable_path/Frameworks";
				PRODUCT_BUNDLE_IDENTIFIER = co.ddapps.YumYum;
				PRODUCT_NAME = "$(TARGET_NAME)";
			};
			name = Release;
		};
/* End XCBuildConfiguration section */

/* Begin XCConfigurationList section */
		6C562F5E1C022CA6008D95AA /* Build configuration list for PBXProject "YumYum" */ = {
			isa = XCConfigurationList;
			buildConfigurations = (
				6C562F761C022CA6008D95AA /* Debug */,
				6C562F771C022CA6008D95AA /* Release */,
			);
			defaultConfigurationIsVisible = 0;
			defaultConfigurationName = Release;
		};
		6C562F781C022CA6008D95AA /* Build configuration list for PBXNativeTarget "YumYum" */ = {
			isa = XCConfigurationList;
			buildConfigurations = (
				6C562F791C022CA6008D95AA /* Debug */,
				6C562F7A1C022CA6008D95AA /* Release */,
			);
			defaultConfigurationIsVisible = 0;
			defaultConfigurationName = Release;
		};
/* End XCConfigurationList section */

/* Begin XCVersionGroup section */
		6C562F6D1C022CA6008D95AA /* YumYum.xcdatamodeld */ = {
			isa = XCVersionGroup;
			children = (
				6C562F6E1C022CA6008D95AA /* YumYum.xcdatamodel */,
			);
			currentVersion = 6C562F6E1C022CA6008D95AA /* YumYum.xcdatamodel */;
			path = YumYum.xcdatamodeld;
			sourceTree = "<group>";
			versionGroupType = wrapper.xcdatamodel;
		};
/* End XCVersionGroup section */
	};
	rootObject = 6C562F5B1C022CA6008D95AA /* Project object */;
}
